
Microsoft Visual Studio Solution File, Format Version 11.00
# Visual Studio 2010
Project("{8BC9CEB8-8B4A-11D0-8D11-00A0C91BC942}") = "CatchScreen", "CatchScreen.vcxproj", "{AA98969E-9B83-3C78-75D2-8169AD31EC1B}"
EndProject
Global
	GlobalSection(SolutionConfigurationPlatforms) = preSolution
		Debug|Win32 = Debug|Win32
		Release|Win32 = Release|Win32
	EndGlobalSection
	GlobalSection(ProjectConfigurationPlatforms) = postSolution
		{AA98969E-9B83-3C78-75D2-8169AD31EC1B}.Debug|Win32.ActiveCfg = Debug|Win32
		{AA98969E-9B83-3C78-75D2-8169AD31EC1B}.Debug|Win32.Build.0 = Debug|Win32
		{AA98969E-9B83-3C78-75D2-8169AD31EC1B}.Release|Win32.ActiveCfg = Release|Win32
		{AA98969E-9B83-3C78-75D2-8169AD31EC1B}.Release|Win32.Build.0 = Release|Win32
	EndGlobalSection
	GlobalSection(SolutionProperties) = preSolution
		HideSolutionNode = FALSE
	EndGlobalSection
EndGlobal
