
Microsoft Visual Studio Solution File, Format Version 11.00
# Visual Studio 2010
Project("{8BC9CEB8-8B4A-11D0-8D11-00A0C91BC942}") = "ScreenCaptureX", "ScreenCaptureX\ScreenCaptureX.vcxproj", "{BE51B8F3-D34C-46E0-A786-714C12AF2533}"
EndProject
Global
	GlobalSection(SolutionConfigurationPlatforms) = preSolution
		Debug|Win32 = Debug|Win32
		Release|Win32 = Release|Win32
	EndGlobalSection
	GlobalSection(ProjectConfigurationPlatforms) = postSolution
		{BE51B8F3-D34C-46E0-A786-714C12AF2533}.Debug|Win32.ActiveCfg = Debug|Win32
		{BE51B8F3-D34C-46E0-A786-714C12AF2533}.Debug|Win32.Build.0 = Debug|Win32
		{BE51B8F3-D34C-46E0-A786-714C12AF2533}.Release|Win32.ActiveCfg = Release|Win32
		{BE51B8F3-D34C-46E0-A786-714C12AF2533}.Release|Win32.Build.0 = Release|Win32
	EndGlobalSection
	GlobalSection(SolutionProperties) = preSolution
		HideSolutionNode = FALSE
	EndGlobalSection
EndGlobal
